
Microsoft Visual Studio Solution File, Format Version 12.00
# Visual Studio 15
VisualStudioVersion = 15.0.28307.271
MinimumVisualStudioVersion = 10.0.40219.1
Project("{FAE04EC0-301F-11D3-BF4B-00C04F79EFBC}") = "TestGit", "TestGit\TestGit.csproj", "{C6CBC9A8-01E7-4080-8850-B476A1A55D7D}"
EndProject
Global
	GlobalSection(SolutionConfigurationPlatforms) = preSolution
		Debug|Any CPU = Debug|Any CPU
		Release|Any CPU = Release|Any CPU
	EndGlobalSection
	GlobalSection(ProjectConfigurationPlatforms) = postSolution
		{C6CBC9A8-01E7-4080-8850-B476A1A55D7D}.Debug|Any CPU.ActiveCfg = Debug|Any CPU
		{C6CBC9A8-01E7-4080-8850-B476A1A55D7D}.Debug|Any CPU.Build.0 = Debug|Any CPU
		{C6CBC9A8-01E7-4080-8850-B476A1A55D7D}.Release|Any CPU.ActiveCfg = Release|Any CPU
		{C6CBC9A8-01E7-4080-8850-B476A1A55D7D}.Release|Any CPU.Build.0 = Release|Any CPU
	EndGlobalSection
	GlobalSection(SolutionProperties) = preSolution
		HideSolutionNode = FALSE
	EndGlobalSection
	GlobalSection(ExtensibilityGlobals) = postSolution
		SolutionGuid = {D87D33FF-BD61-44FE-938E-EF4F3583DAC3}
	EndGlobalSection
EndGlobal
